
Microsoft Visual Studio Solution File, Format Version 12.00
# Visual Studio Version 17
VisualStudioVersion = 17.0.31903.59
MinimumVisualStudioVersion = 10.0.40219.1
Project("{FAE04EC0-301F-11D3-BF4B-00C04F79EFBC}") = "Add_UI_Elements_and_Handle_Events", "Add_UI_Elements_and_Handle_Events\Add_UI_Elements_and_Handle_Events.csproj", "{1F5CDF8F-2EFA-4EBF-AE07-852040ECB311}"
EndProject
Project("{FAE04EC0-301F-11D3-BF4B-00C04F79EFBC}") = "Passing_Data_Between_Pages", "Passing_Data_Between_Pages\Passing_Data_Between_Pages.csproj", "{ADB5F08C-F673-4D6C-9E2C-F02C81B561DD}"
EndProject
Project("{FAE04EC0-301F-11D3-BF4B-00C04F79EFBC}") = "RSVP_Project", "RSVP_Project\RSVP_Project.csproj", "{37CB739C-4275-487F-ADB1-FAA8DD54DA4F}"
EndProject
Project("{FAE04EC0-301F-11D3-BF4B-00C04F79EFBC}") = "Local_Data_Storage_and_Access", "Local_Data_Storage_and_Access\Local_Data_Storage_and_Access.csproj", "{45E58461-F1B8-49D8-B17D-A3CCF35BBD9A}"
EndProject
Global
	GlobalSection(SolutionConfigurationPlatforms) = preSolution
		Debug|Any CPU = Debug|Any CPU
		Debug|x64 = Debug|x64
		Debug|x86 = Debug|x86
		Release|Any CPU = Release|Any CPU
		Release|x64 = Release|x64
		Release|x86 = Release|x86
	EndGlobalSection
	GlobalSection(ProjectConfigurationPlatforms) = postSolution
		{1F5CDF8F-2EFA-4EBF-AE07-852040ECB311}.Debug|Any CPU.ActiveCfg = Debug|Any CPU
		{1F5CDF8F-2EFA-4EBF-AE07-852040ECB311}.Debug|Any CPU.Build.0 = Debug|Any CPU
		{1F5CDF8F-2EFA-4EBF-AE07-852040ECB311}.Debug|x64.ActiveCfg = Debug|Any CPU
		{1F5CDF8F-2EFA-4EBF-AE07-852040ECB311}.Debug|x64.Build.0 = Debug|Any CPU
		{1F5CDF8F-2EFA-4EBF-AE07-852040ECB311}.Debug|x86.ActiveCfg = Debug|Any CPU
		{1F5CDF8F-2EFA-4EBF-AE07-852040ECB311}.Debug|x86.Build.0 = Debug|Any CPU
		{1F5CDF8F-2EFA-4EBF-AE07-852040ECB311}.Release|Any CPU.ActiveCfg = Release|Any CPU
		{1F5CDF8F-2EFA-4EBF-AE07-852040ECB311}.Release|Any CPU.Build.0 = Release|Any CPU
		{1F5CDF8F-2EFA-4EBF-AE07-852040ECB311}.Release|x64.ActiveCfg = Release|Any CPU
		{1F5CDF8F-2EFA-4EBF-AE07-852040ECB311}.Release|x64.Build.0 = Release|Any CPU
		{1F5CDF8F-2EFA-4EBF-AE07-852040ECB311}.Release|x86.ActiveCfg = Release|Any CPU
		{1F5CDF8F-2EFA-4EBF-AE07-852040ECB311}.Release|x86.Build.0 = Release|Any CPU
		{ADB5F08C-F673-4D6C-9E2C-F02C81B561DD}.Debug|Any CPU.ActiveCfg = Debug|Any CPU
		{ADB5F08C-F673-4D6C-9E2C-F02C81B561DD}.Debug|Any CPU.Build.0 = Debug|Any CPU
		{ADB5F08C-F673-4D6C-9E2C-F02C81B561DD}.Debug|x64.ActiveCfg = Debug|Any CPU
		{ADB5F08C-F673-4D6C-9E2C-F02C81B561DD}.Debug|x64.Build.0 = Debug|Any CPU
		{ADB5F08C-F673-4D6C-9E2C-F02C81B561DD}.Debug|x86.ActiveCfg = Debug|Any CPU
		{ADB5F08C-F673-4D6C-9E2C-F02C81B561DD}.Debug|x86.Build.0 = Debug|Any CPU
		{ADB5F08C-F673-4D6C-9E2C-F02C81B561DD}.Release|Any CPU.ActiveCfg = Release|Any CPU
		{ADB5F08C-F673-4D6C-9E2C-F02C81B561DD}.Release|Any CPU.Build.0 = Release|Any CPU
		{ADB5F08C-F673-4D6C-9E2C-F02C81B561DD}.Release|x64.ActiveCfg = Release|Any CPU
		{ADB5F08C-F673-4D6C-9E2C-F02C81B561DD}.Release|x64.Build.0 = Release|Any CPU
		{ADB5F08C-F673-4D6C-9E2C-F02C81B561DD}.Release|x86.ActiveCfg = Release|Any CPU
		{ADB5F08C-F673-4D6C-9E2C-F02C81B561DD}.Release|x86.Build.0 = Release|Any CPU
		{37CB739C-4275-487F-ADB1-FAA8DD54DA4F}.Debug|Any CPU.ActiveCfg = Debug|Any CPU
		{37CB739C-4275-487F-ADB1-FAA8DD54DA4F}.Debug|Any CPU.Build.0 = Debug|Any CPU
		{37CB739C-4275-487F-ADB1-FAA8DD54DA4F}.Debug|x64.ActiveCfg = Debug|Any CPU
		{37CB739C-4275-487F-ADB1-FAA8DD54DA4F}.Debug|x64.Build.0 = Debug|Any CPU
		{37CB739C-4275-487F-ADB1-FAA8DD54DA4F}.Debug|x86.ActiveCfg = Debug|Any CPU
		{37CB739C-4275-487F-ADB1-FAA8DD54DA4F}.Debug|x86.Build.0 = Debug|Any CPU
		{37CB739C-4275-487F-ADB1-FAA8DD54DA4F}.Release|Any CPU.ActiveCfg = Release|Any CPU
		{37CB739C-4275-487F-ADB1-FAA8DD54DA4F}.Release|Any CPU.Build.0 = Release|Any CPU
		{37CB739C-4275-487F-ADB1-FAA8DD54DA4F}.Release|x64.ActiveCfg = Release|Any CPU
		{37CB739C-4275-487F-ADB1-FAA8DD54DA4F}.Release|x64.Build.0 = Release|Any CPU
		{37CB739C-4275-487F-ADB1-FAA8DD54DA4F}.Release|x86.ActiveCfg = Release|Any CPU
		{37CB739C-4275-487F-ADB1-FAA8DD54DA4F}.Release|x86.Build.0 = Release|Any CPU
		{45E58461-F1B8-49D8-B17D-A3CCF35BBD9A}.Debug|Any CPU.ActiveCfg = Debug|Any CPU
		{45E58461-F1B8-49D8-B17D-A3CCF35BBD9A}.Debug|Any CPU.Build.0 = Debug|Any CPU
		{45E58461-F1B8-49D8-B17D-A3CCF35BBD9A}.Debug|x64.ActiveCfg = Debug|Any CPU
		{45E58461-F1B8-49D8-B17D-A3CCF35BBD9A}.Debug|x64.Build.0 = Debug|Any CPU
		{45E58461-F1B8-49D8-B17D-A3CCF35BBD9A}.Debug|x86.ActiveCfg = Debug|Any CPU
		{45E58461-F1B8-49D8-B17D-A3CCF35BBD9A}.Debug|x86.Build.0 = Debug|Any CPU
		{45E58461-F1B8-49D8-B17D-A3CCF35BBD9A}.Release|Any CPU.ActiveCfg = Release|Any CPU
		{45E58461-F1B8-49D8-B17D-A3CCF35BBD9A}.Release|Any CPU.Build.0 = Release|Any CPU
		{45E58461-F1B8-49D8-B17D-A3CCF35BBD9A}.Release|x64.ActiveCfg = Release|Any CPU
		{45E58461-F1B8-49D8-B17D-A3CCF35BBD9A}.Release|x64.Build.0 = Release|Any CPU
		{45E58461-F1B8-49D8-B17D-A3CCF35BBD9A}.Release|x86.ActiveCfg = Release|Any CPU
		{45E58461-F1B8-49D8-B17D-A3CCF35BBD9A}.Release|x86.Build.0 = Release|Any CPU
	EndGlobalSection
	GlobalSection(SolutionProperties) = preSolution
		HideSolutionNode = FALSE
	EndGlobalSection
EndGlobal
